
Microsoft Visual Studio Solution File, Format Version 12.00
# Visual Studio Version 17
VisualStudioVersion = 17.8.34330.188
MinimumVisualStudioVersion = 10.0.40219.1
Project("{2150E333-8FDC-42A3-9474-1A3956D46DE8}") = "Data", "Data", "{6B851DFF-E7DA-46C3-A0CF-7B4A6B22B5FB}"
EndProject
Project("{2150E333-8FDC-42A3-9474-1A3956D46DE8}") = "Services", "Services", "{F04D524C-E27F-4922-8C33-836CE2EC6209}"
EndProject
Project("{2150E333-8FDC-42A3-9474-1A3956D46DE8}") = "Shared", "Shared", "{195E110E-4230-4EB9-A7AB-B1DF834A364B}"
EndProject
Project("{2150E333-8FDC-42A3-9474-1A3956D46DE8}") = "Systems", "Systems", "{5329F6EB-CE85-4076-82EC-5C490FAC425B}"
EndProject
Project("{2150E333-8FDC-42A3-9474-1A3956D46DE8}") = "Api", "Api", "{C7D70B24-90C0-4D4A-B3AD-E496793FB6DE}"
EndProject
Project("{2150E333-8FDC-42A3-9474-1A3956D46DE8}") = "Identity", "Identity", "{5218330C-D96F-45F3-B866-F2419474B530}"
EndProject
Project("{2150E333-8FDC-42A3-9474-1A3956D46DE8}") = "Worker", "Worker", "{6D070B94-9962-4757-BB28-F44BFDA599C6}"
EndProject
Project("{9A19103F-16F7-4668-BE54-9A1E7A4F7556}") = "PhotoMap.Api", "Systems\Api\PhotoMap.Api\PhotoMap.Api.csproj", "{B09BDD1B-B094-4F9F-A614-9889E01BB1B8}"
EndProject
Project("{9A19103F-16F7-4668-BE54-9A1E7A4F7556}") = "PhotoMap.Common", "Shared\PhotoMap.Common\PhotoMap.Common.csproj", "{41220323-9E36-4F8E-A561-E634355BD3A0}"
EndProject
Project("{9A19103F-16F7-4668-BE54-9A1E7A4F7556}") = "PhotoMap.Services.Settings", "Services\PhotoMap.Services.Settings\PhotoMap.Services.Settings.csproj", "{827BC7B5-8621-4BB8-BCCA-17F51C1BE843}"
EndProject
Project("{9A19103F-16F7-4668-BE54-9A1E7A4F7556}") = "PhotoMap.Services.Logger", "Services\PhotoMap.Services.Logger\PhotoMap.Services.Logger.csproj", "{90FB863A-0306-47F7-9A19-714CAC0275B8}"
EndProject
Project("{9A19103F-16F7-4668-BE54-9A1E7A4F7556}") = "PhotoMap.Context.Entities", "Data\PhotoMap.Context.Entities\PhotoMap.Context.Entities.csproj", "{3AD3981F-7694-46DF-9868-9D3B097D45FE}"
EndProject
Project("{9A19103F-16F7-4668-BE54-9A1E7A4F7556}") = "PhotoMap.Context", "Data\PhotoMap.Context\PhotoMap.Context.csproj", "{BE8E4FD7-E18A-4792-80E5-573369E2D3AB}"
EndProject
Project("{2150E333-8FDC-42A3-9474-1A3956D46DE8}") = "PhotoMap.Context.Migrations", "PhotoMap.Context.Migrations", "{935A8475-5B96-436D-BDDA-104D38D07943}"
EndProject
Project("{9A19103F-16F7-4668-BE54-9A1E7A4F7556}") = "PhotoMap.Context.Migrations.PgSql", "Data\PhotoMap.Context.Migrations\PhotoMap.Context.Migrations.PgSql\PhotoMap.Context.Migrations.PgSql.csproj", "{5289C3F6-2120-463C-844D-F8BDC23EE27E}"
EndProject
Project("{9A19103F-16F7-4668-BE54-9A1E7A4F7556}") = "PhotoMap.Context.Seeder", "Data\PhotoMap.Context.Seeder\PhotoMap.Context.Seeder.csproj", "{A85D633B-6A4F-4288-A69E-5221F113401B}"
EndProject
Project("{9A19103F-16F7-4668-BE54-9A1E7A4F7556}") = "PhotoMap.Api.Settings", "Systems\Api\PhotoMap.Api.Settings\PhotoMap.Api.Settings.csproj", "{4860B96D-79E9-407D-9603-9D6E79D4FEE1}"
EndProject
Project("{9A19103F-16F7-4668-BE54-9A1E7A4F7556}") = "PhotoMap.Services.Points", "Services\PhotoMap.Services.Points\PhotoMap.Services.Points.csproj", "{C9579DC4-63EC-4761-A003-1B4A7551A2C8}"
EndProject
Project("{9A19103F-16F7-4668-BE54-9A1E7A4F7556}") = "PhotoMap.Services.PointCategories", "Services\PhotoMap.Services.PointCategories\PhotoMap.Services.PointCategories.csproj", "{870B9DDE-9D0A-4CED-9F13-F1CCBE484462}"
EndProject
Project("{9A19103F-16F7-4668-BE54-9A1E7A4F7556}") = "PhotoMap.Services.Feedbacks", "Services\PhotoMap.Services.Feedbacks\PhotoMap.Services.Feedbacks.csproj", "{013398A5-DBF7-4B47-B935-6CC43B113B97}"
EndProject
Project("{9A19103F-16F7-4668-BE54-9A1E7A4F7556}") = "PhotoMap.Services.ImagePathes", "Services\PhotoMap.Services.ImagePathes\PhotoMap.Services.ImagePathes.csproj", "{E987AEA2-CF1E-4B0A-BBEC-AF40090786E4}"
EndProject
Project("{2150E333-8FDC-42A3-9474-1A3956D46DE8}") = "_docker", "_docker", "{497C1FF7-8C8F-4F56-9A8C-B58A2F881DA7}"
	ProjectSection(SolutionItems) = preProject
		docker-compose.override.yml = docker-compose.override.yml
		docker-compose.yml = docker-compose.yml
		env.api = env.api
		env.identity = env.identity
		env.worker = env.worker
	EndProjectSection
EndProject
Project("{9A19103F-16F7-4668-BE54-9A1E7A4F7556}") = "PhotoMap.Services.Actions", "Services\PhotoMap.Services.Actions\PhotoMap.Services.Actions.csproj", "{CA384F03-8764-4B63-B407-420D64E45773}"
EndProject
Project("{9A19103F-16F7-4668-BE54-9A1E7A4F7556}") = "PhotoMap.Services.RabbitMq", "Services\PhotoMap.Services.RabbitMq\PhotoMap.Services.RabbitMq.csproj", "{20942B5F-DD2B-4B2D-BDA2-B0BD25DE61F0}"
EndProject
Project("{9A19103F-16F7-4668-BE54-9A1E7A4F7556}") = "PhotoMap.Worker", "Systems\Worker\PhotoMap.Worker\PhotoMap.Worker.csproj", "{80CD9FF3-AF75-4EC8-8243-22A011A0D41D}"
EndProject
Project("{9A19103F-16F7-4668-BE54-9A1E7A4F7556}") = "PhotoMap.Services.UserAccount", "Services\PhotoMap.Services.UserAccount\PhotoMap.Services.UserAccount.csproj", "{B3B9AF1B-E5DD-4BDE-8961-99E48470BDC4}"
EndProject
Project("{9A19103F-16F7-4668-BE54-9A1E7A4F7556}") = "PhotoMap.Identity", "Systems\Identity\PhotoMap.Identity\PhotoMap.Identity.csproj", "{C1C3250C-D1A6-471F-95FD-A7666F2D09C0}"
EndProject
Project("{FAE04EC0-301F-11D3-BF4B-00C04F79EFBC}") = "PhotoMap.Services.Mailing", "Services\PhotoMap.Services.Mailing\PhotoMap.Services.Mailing.csproj", "{401BBA97-04F5-4ABE-9215-5103719C9A04}"
EndProject
Global
	GlobalSection(SolutionConfigurationPlatforms) = preSolution
		Debug|Any CPU = Debug|Any CPU
		Release|Any CPU = Release|Any CPU
	EndGlobalSection
	GlobalSection(ProjectConfigurationPlatforms) = postSolution
		{B09BDD1B-B094-4F9F-A614-9889E01BB1B8}.Debug|Any CPU.ActiveCfg = Debug|Any CPU
		{B09BDD1B-B094-4F9F-A614-9889E01BB1B8}.Debug|Any CPU.Build.0 = Debug|Any CPU
		{B09BDD1B-B094-4F9F-A614-9889E01BB1B8}.Release|Any CPU.ActiveCfg = Release|Any CPU
		{B09BDD1B-B094-4F9F-A614-9889E01BB1B8}.Release|Any CPU.Build.0 = Release|Any CPU
		{41220323-9E36-4F8E-A561-E634355BD3A0}.Debug|Any CPU.ActiveCfg = Debug|Any CPU
		{41220323-9E36-4F8E-A561-E634355BD3A0}.Debug|Any CPU.Build.0 = Debug|Any CPU
		{41220323-9E36-4F8E-A561-E634355BD3A0}.Release|Any CPU.ActiveCfg = Release|Any CPU
		{41220323-9E36-4F8E-A561-E634355BD3A0}.Release|Any CPU.Build.0 = Release|Any CPU
		{827BC7B5-8621-4BB8-BCCA-17F51C1BE843}.Debug|Any CPU.ActiveCfg = Debug|Any CPU
		{827BC7B5-8621-4BB8-BCCA-17F51C1BE843}.Debug|Any CPU.Build.0 = Debug|Any CPU
		{827BC7B5-8621-4BB8-BCCA-17F51C1BE843}.Release|Any CPU.ActiveCfg = Release|Any CPU
		{827BC7B5-8621-4BB8-BCCA-17F51C1BE843}.Release|Any CPU.Build.0 = Release|Any CPU
		{90FB863A-0306-47F7-9A19-714CAC0275B8}.Debug|Any CPU.ActiveCfg = Debug|Any CPU
		{90FB863A-0306-47F7-9A19-714CAC0275B8}.Debug|Any CPU.Build.0 = Debug|Any CPU
		{90FB863A-0306-47F7-9A19-714CAC0275B8}.Release|Any CPU.ActiveCfg = Release|Any CPU
		{90FB863A-0306-47F7-9A19-714CAC0275B8}.Release|Any CPU.Build.0 = Release|Any CPU
		{3AD3981F-7694-46DF-9868-9D3B097D45FE}.Debug|Any CPU.ActiveCfg = Debug|Any CPU
		{3AD3981F-7694-46DF-9868-9D3B097D45FE}.Debug|Any CPU.Build.0 = Debug|Any CPU
		{3AD3981F-7694-46DF-9868-9D3B097D45FE}.Release|Any CPU.ActiveCfg = Release|Any CPU
		{3AD3981F-7694-46DF-9868-9D3B097D45FE}.Release|Any CPU.Build.0 = Release|Any CPU
		{BE8E4FD7-E18A-4792-80E5-573369E2D3AB}.Debug|Any CPU.ActiveCfg = Debug|Any CPU
		{BE8E4FD7-E18A-4792-80E5-573369E2D3AB}.Debug|Any CPU.Build.0 = Debug|Any CPU
		{BE8E4FD7-E18A-4792-80E5-573369E2D3AB}.Release|Any CPU.ActiveCfg = Release|Any CPU
		{BE8E4FD7-E18A-4792-80E5-573369E2D3AB}.Release|Any CPU.Build.0 = Release|Any CPU
		{5289C3F6-2120-463C-844D-F8BDC23EE27E}.Debug|Any CPU.ActiveCfg = Debug|Any CPU
		{5289C3F6-2120-463C-844D-F8BDC23EE27E}.Debug|Any CPU.Build.0 = Debug|Any CPU
		{5289C3F6-2120-463C-844D-F8BDC23EE27E}.Release|Any CPU.ActiveCfg = Release|Any CPU
		{5289C3F6-2120-463C-844D-F8BDC23EE27E}.Release|Any CPU.Build.0 = Release|Any CPU
		{A85D633B-6A4F-4288-A69E-5221F113401B}.Debug|Any CPU.ActiveCfg = Debug|Any CPU
		{A85D633B-6A4F-4288-A69E-5221F113401B}.Debug|Any CPU.Build.0 = Debug|Any CPU
		{A85D633B-6A4F-4288-A69E-5221F113401B}.Release|Any CPU.ActiveCfg = Release|Any CPU
		{A85D633B-6A4F-4288-A69E-5221F113401B}.Release|Any CPU.Build.0 = Release|Any CPU
		{4860B96D-79E9-407D-9603-9D6E79D4FEE1}.Debug|Any CPU.ActiveCfg = Debug|Any CPU
		{4860B96D-79E9-407D-9603-9D6E79D4FEE1}.Debug|Any CPU.Build.0 = Debug|Any CPU
		{4860B96D-79E9-407D-9603-9D6E79D4FEE1}.Release|Any CPU.ActiveCfg = Release|Any CPU
		{4860B96D-79E9-407D-9603-9D6E79D4FEE1}.Release|Any CPU.Build.0 = Release|Any CPU
		{C9579DC4-63EC-4761-A003-1B4A7551A2C8}.Debug|Any CPU.ActiveCfg = Debug|Any CPU
		{C9579DC4-63EC-4761-A003-1B4A7551A2C8}.Debug|Any CPU.Build.0 = Debug|Any CPU
		{C9579DC4-63EC-4761-A003-1B4A7551A2C8}.Release|Any CPU.ActiveCfg = Release|Any CPU
		{C9579DC4-63EC-4761-A003-1B4A7551A2C8}.Release|Any CPU.Build.0 = Release|Any CPU
		{870B9DDE-9D0A-4CED-9F13-F1CCBE484462}.Debug|Any CPU.ActiveCfg = Debug|Any CPU
		{870B9DDE-9D0A-4CED-9F13-F1CCBE484462}.Debug|Any CPU.Build.0 = Debug|Any CPU
		{870B9DDE-9D0A-4CED-9F13-F1CCBE484462}.Release|Any CPU.ActiveCfg = Release|Any CPU
		{870B9DDE-9D0A-4CED-9F13-F1CCBE484462}.Release|Any CPU.Build.0 = Release|Any CPU
		{013398A5-DBF7-4B47-B935-6CC43B113B97}.Debug|Any CPU.ActiveCfg = Debug|Any CPU
		{013398A5-DBF7-4B47-B935-6CC43B113B97}.Debug|Any CPU.Build.0 = Debug|Any CPU
		{013398A5-DBF7-4B47-B935-6CC43B113B97}.Release|Any CPU.ActiveCfg = Release|Any CPU
		{013398A5-DBF7-4B47-B935-6CC43B113B97}.Release|Any CPU.Build.0 = Release|Any CPU
		{E987AEA2-CF1E-4B0A-BBEC-AF40090786E4}.Debug|Any CPU.ActiveCfg = Debug|Any CPU
		{E987AEA2-CF1E-4B0A-BBEC-AF40090786E4}.Debug|Any CPU.Build.0 = Debug|Any CPU
		{E987AEA2-CF1E-4B0A-BBEC-AF40090786E4}.Release|Any CPU.ActiveCfg = Release|Any CPU
		{E987AEA2-CF1E-4B0A-BBEC-AF40090786E4}.Release|Any CPU.Build.0 = Release|Any CPU
		{CA384F03-8764-4B63-B407-420D64E45773}.Debug|Any CPU.ActiveCfg = Debug|Any CPU
		{CA384F03-8764-4B63-B407-420D64E45773}.Debug|Any CPU.Build.0 = Debug|Any CPU
		{CA384F03-8764-4B63-B407-420D64E45773}.Release|Any CPU.ActiveCfg = Release|Any CPU
		{CA384F03-8764-4B63-B407-420D64E45773}.Release|Any CPU.Build.0 = Release|Any CPU
		{20942B5F-DD2B-4B2D-BDA2-B0BD25DE61F0}.Debug|Any CPU.ActiveCfg = Debug|Any CPU
		{20942B5F-DD2B-4B2D-BDA2-B0BD25DE61F0}.Debug|Any CPU.Build.0 = Debug|Any CPU
		{20942B5F-DD2B-4B2D-BDA2-B0BD25DE61F0}.Release|Any CPU.ActiveCfg = Release|Any CPU
		{20942B5F-DD2B-4B2D-BDA2-B0BD25DE61F0}.Release|Any CPU.Build.0 = Release|Any CPU
		{80CD9FF3-AF75-4EC8-8243-22A011A0D41D}.Debug|Any CPU.ActiveCfg = Debug|Any CPU
		{80CD9FF3-AF75-4EC8-8243-22A011A0D41D}.Debug|Any CPU.Build.0 = Debug|Any CPU
		{80CD9FF3-AF75-4EC8-8243-22A011A0D41D}.Release|Any CPU.ActiveCfg = Release|Any CPU
		{80CD9FF3-AF75-4EC8-8243-22A011A0D41D}.Release|Any CPU.Build.0 = Release|Any CPU
		{B3B9AF1B-E5DD-4BDE-8961-99E48470BDC4}.Debug|Any CPU.ActiveCfg = Debug|Any CPU
		{B3B9AF1B-E5DD-4BDE-8961-99E48470BDC4}.Debug|Any CPU.Build.0 = Debug|Any CPU
		{B3B9AF1B-E5DD-4BDE-8961-99E48470BDC4}.Release|Any CPU.ActiveCfg = Release|Any CPU
		{B3B9AF1B-E5DD-4BDE-8961-99E48470BDC4}.Release|Any CPU.Build.0 = Release|Any CPU
		{C1C3250C-D1A6-471F-95FD-A7666F2D09C0}.Debug|Any CPU.ActiveCfg = Debug|Any CPU
		{C1C3250C-D1A6-471F-95FD-A7666F2D09C0}.Debug|Any CPU.Build.0 = Debug|Any CPU
		{C1C3250C-D1A6-471F-95FD-A7666F2D09C0}.Release|Any CPU.ActiveCfg = Release|Any CPU
		{C1C3250C-D1A6-471F-95FD-A7666F2D09C0}.Release|Any CPU.Build.0 = Release|Any CPU
		{401BBA97-04F5-4ABE-9215-5103719C9A04}.Debug|Any CPU.ActiveCfg = Debug|Any CPU
		{401BBA97-04F5-4ABE-9215-5103719C9A04}.Debug|Any CPU.Build.0 = Debug|Any CPU
		{401BBA97-04F5-4ABE-9215-5103719C9A04}.Release|Any CPU.ActiveCfg = Release|Any CPU
		{401BBA97-04F5-4ABE-9215-5103719C9A04}.Release|Any CPU.Build.0 = Release|Any CPU
	EndGlobalSection
	GlobalSection(SolutionProperties) = preSolution
		HideSolutionNode = FALSE
	EndGlobalSection
	GlobalSection(NestedProjects) = preSolution
		{C7D70B24-90C0-4D4A-B3AD-E496793FB6DE} = {5329F6EB-CE85-4076-82EC-5C490FAC425B}
		{5218330C-D96F-45F3-B866-F2419474B530} = {5329F6EB-CE85-4076-82EC-5C490FAC425B}
		{6D070B94-9962-4757-BB28-F44BFDA599C6} = {5329F6EB-CE85-4076-82EC-5C490FAC425B}
		{B09BDD1B-B094-4F9F-A614-9889E01BB1B8} = {C7D70B24-90C0-4D4A-B3AD-E496793FB6DE}
		{41220323-9E36-4F8E-A561-E634355BD3A0} = {195E110E-4230-4EB9-A7AB-B1DF834A364B}
		{827BC7B5-8621-4BB8-BCCA-17F51C1BE843} = {F04D524C-E27F-4922-8C33-836CE2EC6209}
		{90FB863A-0306-47F7-9A19-714CAC0275B8} = {F04D524C-E27F-4922-8C33-836CE2EC6209}
		{3AD3981F-7694-46DF-9868-9D3B097D45FE} = {6B851DFF-E7DA-46C3-A0CF-7B4A6B22B5FB}
		{BE8E4FD7-E18A-4792-80E5-573369E2D3AB} = {6B851DFF-E7DA-46C3-A0CF-7B4A6B22B5FB}
		{935A8475-5B96-436D-BDDA-104D38D07943} = {6B851DFF-E7DA-46C3-A0CF-7B4A6B22B5FB}
		{5289C3F6-2120-463C-844D-F8BDC23EE27E} = {935A8475-5B96-436D-BDDA-104D38D07943}
		{A85D633B-6A4F-4288-A69E-5221F113401B} = {6B851DFF-E7DA-46C3-A0CF-7B4A6B22B5FB}
		{4860B96D-79E9-407D-9603-9D6E79D4FEE1} = {C7D70B24-90C0-4D4A-B3AD-E496793FB6DE}
		{C9579DC4-63EC-4761-A003-1B4A7551A2C8} = {F04D524C-E27F-4922-8C33-836CE2EC6209}
		{870B9DDE-9D0A-4CED-9F13-F1CCBE484462} = {F04D524C-E27F-4922-8C33-836CE2EC6209}
		{013398A5-DBF7-4B47-B935-6CC43B113B97} = {F04D524C-E27F-4922-8C33-836CE2EC6209}
		{E987AEA2-CF1E-4B0A-BBEC-AF40090786E4} = {F04D524C-E27F-4922-8C33-836CE2EC6209}
		{CA384F03-8764-4B63-B407-420D64E45773} = {F04D524C-E27F-4922-8C33-836CE2EC6209}
		{20942B5F-DD2B-4B2D-BDA2-B0BD25DE61F0} = {F04D524C-E27F-4922-8C33-836CE2EC6209}
		{80CD9FF3-AF75-4EC8-8243-22A011A0D41D} = {6D070B94-9962-4757-BB28-F44BFDA599C6}
		{B3B9AF1B-E5DD-4BDE-8961-99E48470BDC4} = {F04D524C-E27F-4922-8C33-836CE2EC6209}
		{C1C3250C-D1A6-471F-95FD-A7666F2D09C0} = {5218330C-D96F-45F3-B866-F2419474B530}
		{401BBA97-04F5-4ABE-9215-5103719C9A04} = {F04D524C-E27F-4922-8C33-836CE2EC6209}
	EndGlobalSection
	GlobalSection(ExtensibilityGlobals) = postSolution
		SolutionGuid = {6747F111-D959-48DA-92F6-B035D6383FD8}
	EndGlobalSection
EndGlobal
